
Microsoft Visual Studio Solution File, Format Version 12.00
# Visual Studio Version 17
VisualStudioVersion = 17.9.34728.123
MinimumVisualStudioVersion = 10.0.40219.1
Project("{FAE04EC0-301F-11D3-BF4B-00C04F79EFBC}") = "SoldiersTransfer", "SoldiersTransfer\SoldiersTransfer.csproj", "{26E503B0-B990-4E05-AB0E-90322426ED68}"
EndProject
Global
	GlobalSection(SolutionConfigurationPlatforms) = preSolution
		Debug|Any CPU = Debug|Any CPU
		Release|Any CPU = Release|Any CPU
	EndGlobalSection
	GlobalSection(ProjectConfigurationPlatforms) = postSolution
		{26E503B0-B990-4E05-AB0E-90322426ED68}.Debug|Any CPU.ActiveCfg = Debug|Any CPU
		{26E503B0-B990-4E05-AB0E-90322426ED68}.Debug|Any CPU.Build.0 = Debug|Any CPU
		{26E503B0-B990-4E05-AB0E-90322426ED68}.Release|Any CPU.ActiveCfg = Release|Any CPU
		{26E503B0-B990-4E05-AB0E-90322426ED68}.Release|Any CPU.Build.0 = Release|Any CPU
	EndGlobalSection
	GlobalSection(SolutionProperties) = preSolution
		HideSolutionNode = FALSE
	EndGlobalSection
	GlobalSection(ExtensibilityGlobals) = postSolution
		SolutionGuid = {ACAE9320-4251-4EDE-AC0D-C8829B84B296}
	EndGlobalSection
EndGlobal
